
Microsoft Visual Studio Solution File, Format Version 12.00
# Visual Studio Version 17
VisualStudioVersion = 17.5.33424.131
MinimumVisualStudioVersion = 10.0.40219.1
Project("{9A19103F-16F7-4668-BE54-9A1E7A4F7556}") = "DataAccess", "DataAccess\DataAccess.csproj", "{5D688DFD-FCD4-4AF1-8280-DE3DDF2D2272}"
EndProject
Project("{9A19103F-16F7-4668-BE54-9A1E7A4F7556}") = "Business", "Business\Business.csproj", "{15D373FC-F794-43D8-8DC1-5DB0B98E4EDE}"
EndProject
Project("{9A19103F-16F7-4668-BE54-9A1E7A4F7556}") = "Entities", "Entities\Entities.csproj", "{5331BEAB-D835-4547-AFE1-A61B1466BCE0}"
EndProject
Project("{9A19103F-16F7-4668-BE54-9A1E7A4F7556}") = "ConsoleUI", "ConsoleUI\ConsoleUI.csproj", "{D31DB92F-084C-45C9-AA94-350322C808EF}"
EndProject
Project("{9A19103F-16F7-4668-BE54-9A1E7A4F7556}") = "Core", "Core\Core.csproj", "{BCAC9ED4-4415-49B1-B38B-E1C1D52C8D9C}"
EndProject
Project("{FAE04EC0-301F-11D3-BF4B-00C04F79EFBC}") = "WebAPI", "WebAPI\WebAPI.csproj", "{B57EDA19-1D1C-4786-9413-C1BA5D360C4B}"
EndProject
Global
	GlobalSection(SolutionConfigurationPlatforms) = preSolution
		Debug|Any CPU = Debug|Any CPU
		Release|Any CPU = Release|Any CPU
	EndGlobalSection
	GlobalSection(ProjectConfigurationPlatforms) = postSolution
		{5D688DFD-FCD4-4AF1-8280-DE3DDF2D2272}.Debug|Any CPU.ActiveCfg = Debug|Any CPU
		{5D688DFD-FCD4-4AF1-8280-DE3DDF2D2272}.Debug|Any CPU.Build.0 = Debug|Any CPU
		{5D688DFD-FCD4-4AF1-8280-DE3DDF2D2272}.Release|Any CPU.ActiveCfg = Release|Any CPU
		{5D688DFD-FCD4-4AF1-8280-DE3DDF2D2272}.Release|Any CPU.Build.0 = Release|Any CPU
		{15D373FC-F794-43D8-8DC1-5DB0B98E4EDE}.Debug|Any CPU.ActiveCfg = Debug|Any CPU
		{15D373FC-F794-43D8-8DC1-5DB0B98E4EDE}.Debug|Any CPU.Build.0 = Debug|Any CPU
		{15D373FC-F794-43D8-8DC1-5DB0B98E4EDE}.Release|Any CPU.ActiveCfg = Release|Any CPU
		{15D373FC-F794-43D8-8DC1-5DB0B98E4EDE}.Release|Any CPU.Build.0 = Release|Any CPU
		{5331BEAB-D835-4547-AFE1-A61B1466BCE0}.Debug|Any CPU.ActiveCfg = Debug|Any CPU
		{5331BEAB-D835-4547-AFE1-A61B1466BCE0}.Debug|Any CPU.Build.0 = Debug|Any CPU
		{5331BEAB-D835-4547-AFE1-A61B1466BCE0}.Release|Any CPU.ActiveCfg = Release|Any CPU
		{5331BEAB-D835-4547-AFE1-A61B1466BCE0}.Release|Any CPU.Build.0 = Release|Any CPU
		{D31DB92F-084C-45C9-AA94-350322C808EF}.Debug|Any CPU.ActiveCfg = Debug|Any CPU
		{D31DB92F-084C-45C9-AA94-350322C808EF}.Debug|Any CPU.Build.0 = Debug|Any CPU
		{D31DB92F-084C-45C9-AA94-350322C808EF}.Release|Any CPU.ActiveCfg = Release|Any CPU
		{D31DB92F-084C-45C9-AA94-350322C808EF}.Release|Any CPU.Build.0 = Release|Any CPU
		{BCAC9ED4-4415-49B1-B38B-E1C1D52C8D9C}.Debug|Any CPU.ActiveCfg = Debug|Any CPU
		{BCAC9ED4-4415-49B1-B38B-E1C1D52C8D9C}.Debug|Any CPU.Build.0 = Debug|Any CPU
		{BCAC9ED4-4415-49B1-B38B-E1C1D52C8D9C}.Release|Any CPU.ActiveCfg = Release|Any CPU
		{BCAC9ED4-4415-49B1-B38B-E1C1D52C8D9C}.Release|Any CPU.Build.0 = Release|Any CPU
		{B57EDA19-1D1C-4786-9413-C1BA5D360C4B}.Debug|Any CPU.ActiveCfg = Debug|Any CPU
		{B57EDA19-1D1C-4786-9413-C1BA5D360C4B}.Debug|Any CPU.Build.0 = Debug|Any CPU
		{B57EDA19-1D1C-4786-9413-C1BA5D360C4B}.Release|Any CPU.ActiveCfg = Release|Any CPU
		{B57EDA19-1D1C-4786-9413-C1BA5D360C4B}.Release|Any CPU.Build.0 = Release|Any CPU
	EndGlobalSection
	GlobalSection(SolutionProperties) = preSolution
		HideSolutionNode = FALSE
	EndGlobalSection
	GlobalSection(ExtensibilityGlobals) = postSolution
		SolutionGuid = {A2B0F607-7480-4EF2-859C-73231799D600}
	EndGlobalSection
EndGlobal
